
Microsoft Visual Studio Solution File, Format Version 12.00
# Visual Studio Version 16
VisualStudioVersion = 16.0.31729.503
MinimumVisualStudioVersion = 10.0.40219.1
Project("{FAE04EC0-301F-11D3-BF4B-00C04F79EFBC}") = "demowebapp1", "demowebapp1.csproj", "{13D6E894-EACC-4812-8426-D26A54ECF463}"
EndProject
Global
	GlobalSection(SolutionConfigurationPlatforms) = preSolution
		Debug|Any CPU = Debug|Any CPU
		Release|Any CPU = Release|Any CPU
	EndGlobalSection
	GlobalSection(ProjectConfigurationPlatforms) = postSolution
		{13D6E894-EACC-4812-8426-D26A54ECF463}.Debug|Any CPU.ActiveCfg = Debug|Any CPU
		{13D6E894-EACC-4812-8426-D26A54ECF463}.Debug|Any CPU.Build.0 = Debug|Any CPU
		{13D6E894-EACC-4812-8426-D26A54ECF463}.Release|Any CPU.ActiveCfg = Release|Any CPU
		{13D6E894-EACC-4812-8426-D26A54ECF463}.Release|Any CPU.Build.0 = Release|Any CPU
	EndGlobalSection
	GlobalSection(SolutionProperties) = preSolution
		HideSolutionNode = FALSE
	EndGlobalSection
	GlobalSection(ExtensibilityGlobals) = postSolution
		SolutionGuid = {F00314B2-3606-4BD6-BD56-67D8D4B6C9D9}
	EndGlobalSection
EndGlobal
